
Microsoft Visual Studio Solution File, Format Version 12.00
# Visual Studio 15
VisualStudioVersion = 15.0.28307.1082
MinimumVisualStudioVersion = 10.0.40219.1
Project("{8BC9CEB8-8B4A-11D0-8D11-00A0C91BC942}") = "ControlStructures", "ControlStructures\ControlStructures.vcxproj", "{52060AA6-D0F1-4C9B-8172-08D13A5BDF4E}"
EndProject
Project("{8BC9CEB8-8B4A-11D0-8D11-00A0C91BC942}") = "Loops", "Loops\Loops.vcxproj", "{9F985445-768E-486A-A503-1EC4A473D032}"
EndProject
Project("{8BC9CEB8-8B4A-11D0-8D11-00A0C91BC942}") = "HomeWork", "HomeWork\HomeWork.vcxproj", "{9028AD2B-FC97-4D89-8776-37FBD6F505BA}"
EndProject
Project("{8BC9CEB8-8B4A-11D0-8D11-00A0C91BC942}") = "Shooter", "Shooter\Shooter.vcxproj", "{725A11E2-6C37-4A0A-A467-B9C86D4E1E4D}"
EndProject
Project("{8BC9CEB8-8B4A-11D0-8D11-00A0C91BC942}") = "FOR", "FOR\FOR.vcxproj", "{94344C52-D413-4AB3-9320-6598B58EEBF3}"
EndProject
Project("{8BC9CEB8-8B4A-11D0-8D11-00A0C91BC942}") = "NestedFOR", "NestedFOR\NestedFOR.vcxproj", "{F735FB27-52B0-45E3-B080-8E7778E73B3A}"
EndProject
Global
	GlobalSection(SolutionConfigurationPlatforms) = preSolution
		Debug|x64 = Debug|x64
		Debug|x86 = Debug|x86
		Release|x64 = Release|x64
		Release|x86 = Release|x86
	EndGlobalSection
	GlobalSection(ProjectConfigurationPlatforms) = postSolution
		{52060AA6-D0F1-4C9B-8172-08D13A5BDF4E}.Debug|x64.ActiveCfg = Debug|x64
		{52060AA6-D0F1-4C9B-8172-08D13A5BDF4E}.Debug|x64.Build.0 = Debug|x64
		{52060AA6-D0F1-4C9B-8172-08D13A5BDF4E}.Debug|x86.ActiveCfg = Debug|Win32
		{52060AA6-D0F1-4C9B-8172-08D13A5BDF4E}.Debug|x86.Build.0 = Debug|Win32
		{52060AA6-D0F1-4C9B-8172-08D13A5BDF4E}.Release|x64.ActiveCfg = Release|x64
		{52060AA6-D0F1-4C9B-8172-08D13A5BDF4E}.Release|x64.Build.0 = Release|x64
		{52060AA6-D0F1-4C9B-8172-08D13A5BDF4E}.Release|x86.ActiveCfg = Release|Win32
		{52060AA6-D0F1-4C9B-8172-08D13A5BDF4E}.Release|x86.Build.0 = Release|Win32
		{9F985445-768E-486A-A503-1EC4A473D032}.Debug|x64.ActiveCfg = Debug|x64
		{9F985445-768E-486A-A503-1EC4A473D032}.Debug|x64.Build.0 = Debug|x64
		{9F985445-768E-486A-A503-1EC4A473D032}.Debug|x86.ActiveCfg = Debug|Win32
		{9F985445-768E-486A-A503-1EC4A473D032}.Debug|x86.Build.0 = Debug|Win32
		{9F985445-768E-486A-A503-1EC4A473D032}.Release|x64.ActiveCfg = Release|x64
		{9F985445-768E-486A-A503-1EC4A473D032}.Release|x64.Build.0 = Release|x64
		{9F985445-768E-486A-A503-1EC4A473D032}.Release|x86.ActiveCfg = Release|Win32
		{9F985445-768E-486A-A503-1EC4A473D032}.Release|x86.Build.0 = Release|Win32
		{9028AD2B-FC97-4D89-8776-37FBD6F505BA}.Debug|x64.ActiveCfg = Debug|x64
		{9028AD2B-FC97-4D89-8776-37FBD6F505BA}.Debug|x64.Build.0 = Debug|x64
		{9028AD2B-FC97-4D89-8776-37FBD6F505BA}.Debug|x86.ActiveCfg = Debug|Win32
		{9028AD2B-FC97-4D89-8776-37FBD6F505BA}.Debug|x86.Build.0 = Debug|Win32
		{9028AD2B-FC97-4D89-8776-37FBD6F505BA}.Release|x64.ActiveCfg = Release|x64
		{9028AD2B-FC97-4D89-8776-37FBD6F505BA}.Release|x64.Build.0 = Release|x64
		{9028AD2B-FC97-4D89-8776-37FBD6F505BA}.Release|x86.ActiveCfg = Release|Win32
		{9028AD2B-FC97-4D89-8776-37FBD6F505BA}.Release|x86.Build.0 = Release|Win32
		{725A11E2-6C37-4A0A-A467-B9C86D4E1E4D}.Debug|x64.ActiveCfg = Debug|x64
		{725A11E2-6C37-4A0A-A467-B9C86D4E1E4D}.Debug|x64.Build.0 = Debug|x64
		{725A11E2-6C37-4A0A-A467-B9C86D4E1E4D}.Debug|x86.ActiveCfg = Debug|Win32
		{725A11E2-6C37-4A0A-A467-B9C86D4E1E4D}.Debug|x86.Build.0 = Debug|Win32
		{725A11E2-6C37-4A0A-A467-B9C86D4E1E4D}.Release|x64.ActiveCfg = Release|x64
		{725A11E2-6C37-4A0A-A467-B9C86D4E1E4D}.Release|x64.Build.0 = Release|x64
		{725A11E2-6C37-4A0A-A467-B9C86D4E1E4D}.Release|x86.ActiveCfg = Release|Win32
		{725A11E2-6C37-4A0A-A467-B9C86D4E1E4D}.Release|x86.Build.0 = Release|Win32
		{94344C52-D413-4AB3-9320-6598B58EEBF3}.Debug|x64.ActiveCfg = Debug|x64
		{94344C52-D413-4AB3-9320-6598B58EEBF3}.Debug|x64.Build.0 = Debug|x64
		{94344C52-D413-4AB3-9320-6598B58EEBF3}.Debug|x86.ActiveCfg = Debug|Win32
		{94344C52-D413-4AB3-9320-6598B58EEBF3}.Debug|x86.Build.0 = Debug|Win32
		{94344C52-D413-4AB3-9320-6598B58EEBF3}.Release|x64.ActiveCfg = Release|x64
		{94344C52-D413-4AB3-9320-6598B58EEBF3}.Release|x64.Build.0 = Release|x64
		{94344C52-D413-4AB3-9320-6598B58EEBF3}.Release|x86.ActiveCfg = Release|Win32
		{94344C52-D413-4AB3-9320-6598B58EEBF3}.Release|x86.Build.0 = Release|Win32
		{F735FB27-52B0-45E3-B080-8E7778E73B3A}.Debug|x64.ActiveCfg = Debug|x64
		{F735FB27-52B0-45E3-B080-8E7778E73B3A}.Debug|x64.Build.0 = Debug|x64
		{F735FB27-52B0-45E3-B080-8E7778E73B3A}.Debug|x86.ActiveCfg = Debug|Win32
		{F735FB27-52B0-45E3-B080-8E7778E73B3A}.Debug|x86.Build.0 = Debug|Win32
		{F735FB27-52B0-45E3-B080-8E7778E73B3A}.Release|x64.ActiveCfg = Release|x64
		{F735FB27-52B0-45E3-B080-8E7778E73B3A}.Release|x64.Build.0 = Release|x64
		{F735FB27-52B0-45E3-B080-8E7778E73B3A}.Release|x86.ActiveCfg = Release|Win32
		{F735FB27-52B0-45E3-B080-8E7778E73B3A}.Release|x86.Build.0 = Release|Win32
	EndGlobalSection
	GlobalSection(SolutionProperties) = preSolution
		HideSolutionNode = FALSE
	EndGlobalSection
	GlobalSection(ExtensibilityGlobals) = postSolution
		SolutionGuid = {CE133CC4-B02C-4FE3-B942-548C8D196DB9}
	EndGlobalSection
EndGlobal
